
Microsoft Visual Studio Solution File, Format Version 12.00
# Visual Studio 14
VisualStudioVersion = 14.0.25123.0
MinimumVisualStudioVersion = 10.0.40219.1
Project("{8BC9CEB8-8B4A-11D0-8D11-00A0C91BC942}") = "listdrv", "listdrv\listdrv.vcxproj", "{E9892C5F-C666-40D0-BC13-ED61A75899E8}"
	ProjectSection(ProjectDependencies) = postProject
		{3148915B-DB92-4D84-A282-1E04A476586C} = {3148915B-DB92-4D84-A282-1E04A476586C}
	EndProjectSection
EndProject
Project("{8BC9CEB8-8B4A-11D0-8D11-00A0C91BC942}") = "commonlib", "commonlib\commonlib.vcxproj", "{3148915B-DB92-4D84-A282-1E04A476586C}"
EndProject
Project("{8BC9CEB8-8B4A-11D0-8D11-00A0C91BC942}") = "sbrun", "sbrun\sbrun.vcxproj", "{93084A46-7838-47AC-9E5D-DCBDDD4C2053}"
	ProjectSection(ProjectDependencies) = postProject
		{3148915B-DB92-4D84-A282-1E04A476586C} = {3148915B-DB92-4D84-A282-1E04A476586C}
	EndProjectSection
EndProject
Project("{8BC9CEB8-8B4A-11D0-8D11-00A0C91BC942}") = "scrun", "scrun\scrun.vcxproj", "{496C792B-6071-4792-A2F6-43F9D5C13238}"
	ProjectSection(ProjectDependencies) = postProject
		{3148915B-DB92-4D84-A282-1E04A476586C} = {3148915B-DB92-4D84-A282-1E04A476586C}
	EndProjectSection
EndProject
Project("{8BC9CEB8-8B4A-11D0-8D11-00A0C91BC942}") = "listdev", "listdev\listdev.vcxproj", "{0B0B2C5B-48CE-4599-8460-C0EDBBC278A2}"
	ProjectSection(ProjectDependencies) = postProject
		{3148915B-DB92-4D84-A282-1E04A476586C} = {3148915B-DB92-4D84-A282-1E04A476586C}
	EndProjectSection
EndProject
Project("{8BC9CEB8-8B4A-11D0-8D11-00A0C91BC942}") = "kMisc", "kMisc\kMisc.vcxproj", "{1A36B430-183E-41BC-94BF-FA6002C7964D}"
EndProject
Global
	GlobalSection(SolutionConfigurationPlatforms) = preSolution
		Debug|ARM = Debug|ARM
		Debug|ARM64 = Debug|ARM64
		Debug|x64 = Debug|x64
		Debug|x86 = Debug|x86
		Release|ARM = Release|ARM
		Release|ARM64 = Release|ARM64
		Release|x64 = Release|x64
		Release|x86 = Release|x86
	EndGlobalSection
	GlobalSection(ProjectConfigurationPlatforms) = postSolution
		{E9892C5F-C666-40D0-BC13-ED61A75899E8}.Debug|ARM.ActiveCfg = Debug|Win32
		{E9892C5F-C666-40D0-BC13-ED61A75899E8}.Debug|ARM64.ActiveCfg = Debug|Win32
		{E9892C5F-C666-40D0-BC13-ED61A75899E8}.Debug|x64.ActiveCfg = Debug|x64
		{E9892C5F-C666-40D0-BC13-ED61A75899E8}.Debug|x64.Build.0 = Debug|x64
		{E9892C5F-C666-40D0-BC13-ED61A75899E8}.Debug|x86.ActiveCfg = Debug|Win32
		{E9892C5F-C666-40D0-BC13-ED61A75899E8}.Debug|x86.Build.0 = Debug|Win32
		{E9892C5F-C666-40D0-BC13-ED61A75899E8}.Release|ARM.ActiveCfg = Release|Win32
		{E9892C5F-C666-40D0-BC13-ED61A75899E8}.Release|ARM64.ActiveCfg = Release|Win32
		{E9892C5F-C666-40D0-BC13-ED61A75899E8}.Release|x64.ActiveCfg = Release|x64
		{E9892C5F-C666-40D0-BC13-ED61A75899E8}.Release|x64.Build.0 = Release|x64
		{E9892C5F-C666-40D0-BC13-ED61A75899E8}.Release|x86.ActiveCfg = Release|Win32
		{E9892C5F-C666-40D0-BC13-ED61A75899E8}.Release|x86.Build.0 = Release|Win32
		{3148915B-DB92-4D84-A282-1E04A476586C}.Debug|ARM.ActiveCfg = Debug|Win32
		{3148915B-DB92-4D84-A282-1E04A476586C}.Debug|ARM64.ActiveCfg = Debug|Win32
		{3148915B-DB92-4D84-A282-1E04A476586C}.Debug|x64.ActiveCfg = Debug|x64
		{3148915B-DB92-4D84-A282-1E04A476586C}.Debug|x64.Build.0 = Debug|x64
		{3148915B-DB92-4D84-A282-1E04A476586C}.Debug|x86.ActiveCfg = Debug|Win32
		{3148915B-DB92-4D84-A282-1E04A476586C}.Debug|x86.Build.0 = Debug|Win32
		{3148915B-DB92-4D84-A282-1E04A476586C}.Release|ARM.ActiveCfg = Release|Win32
		{3148915B-DB92-4D84-A282-1E04A476586C}.Release|ARM64.ActiveCfg = Release|Win32
		{3148915B-DB92-4D84-A282-1E04A476586C}.Release|x64.ActiveCfg = Release|x64
		{3148915B-DB92-4D84-A282-1E04A476586C}.Release|x64.Build.0 = Release|x64
		{3148915B-DB92-4D84-A282-1E04A476586C}.Release|x86.ActiveCfg = Release|Win32
		{3148915B-DB92-4D84-A282-1E04A476586C}.Release|x86.Build.0 = Release|Win32
		{93084A46-7838-47AC-9E5D-DCBDDD4C2053}.Debug|ARM.ActiveCfg = Debug|Win32
		{93084A46-7838-47AC-9E5D-DCBDDD4C2053}.Debug|ARM64.ActiveCfg = Debug|Win32
		{93084A46-7838-47AC-9E5D-DCBDDD4C2053}.Debug|x64.ActiveCfg = Debug|x64
		{93084A46-7838-47AC-9E5D-DCBDDD4C2053}.Debug|x64.Build.0 = Debug|x64
		{93084A46-7838-47AC-9E5D-DCBDDD4C2053}.Debug|x86.ActiveCfg = Debug|Win32
		{93084A46-7838-47AC-9E5D-DCBDDD4C2053}.Debug|x86.Build.0 = Debug|Win32
		{93084A46-7838-47AC-9E5D-DCBDDD4C2053}.Release|ARM.ActiveCfg = Release|Win32
		{93084A46-7838-47AC-9E5D-DCBDDD4C2053}.Release|ARM64.ActiveCfg = Release|Win32
		{93084A46-7838-47AC-9E5D-DCBDDD4C2053}.Release|x64.ActiveCfg = Release|x64
		{93084A46-7838-47AC-9E5D-DCBDDD4C2053}.Release|x64.Build.0 = Release|x64
		{93084A46-7838-47AC-9E5D-DCBDDD4C2053}.Release|x86.ActiveCfg = Release|Win32
		{93084A46-7838-47AC-9E5D-DCBDDD4C2053}.Release|x86.Build.0 = Release|Win32
		{496C792B-6071-4792-A2F6-43F9D5C13238}.Debug|ARM.ActiveCfg = Debug|Win32
		{496C792B-6071-4792-A2F6-43F9D5C13238}.Debug|ARM64.ActiveCfg = Debug|Win32
		{496C792B-6071-4792-A2F6-43F9D5C13238}.Debug|x64.ActiveCfg = Debug|x64
		{496C792B-6071-4792-A2F6-43F9D5C13238}.Debug|x64.Build.0 = Debug|x64
		{496C792B-6071-4792-A2F6-43F9D5C13238}.Debug|x86.ActiveCfg = Debug|Win32
		{496C792B-6071-4792-A2F6-43F9D5C13238}.Debug|x86.Build.0 = Debug|Win32
		{496C792B-6071-4792-A2F6-43F9D5C13238}.Release|ARM.ActiveCfg = Release|Win32
		{496C792B-6071-4792-A2F6-43F9D5C13238}.Release|ARM64.ActiveCfg = Release|Win32
		{496C792B-6071-4792-A2F6-43F9D5C13238}.Release|x64.ActiveCfg = Release|x64
		{496C792B-6071-4792-A2F6-43F9D5C13238}.Release|x64.Build.0 = Release|x64
		{496C792B-6071-4792-A2F6-43F9D5C13238}.Release|x86.ActiveCfg = Release|Win32
		{496C792B-6071-4792-A2F6-43F9D5C13238}.Release|x86.Build.0 = Release|Win32
		{0B0B2C5B-48CE-4599-8460-C0EDBBC278A2}.Debug|ARM.ActiveCfg = Debug|Win32
		{0B0B2C5B-48CE-4599-8460-C0EDBBC278A2}.Debug|ARM64.ActiveCfg = Debug|Win32
		{0B0B2C5B-48CE-4599-8460-C0EDBBC278A2}.Debug|x64.ActiveCfg = Debug|x64
		{0B0B2C5B-48CE-4599-8460-C0EDBBC278A2}.Debug|x64.Build.0 = Debug|x64
		{0B0B2C5B-48CE-4599-8460-C0EDBBC278A2}.Debug|x86.ActiveCfg = Debug|Win32
		{0B0B2C5B-48CE-4599-8460-C0EDBBC278A2}.Debug|x86.Build.0 = Debug|Win32
		{0B0B2C5B-48CE-4599-8460-C0EDBBC278A2}.Release|ARM.ActiveCfg = Release|Win32
		{0B0B2C5B-48CE-4599-8460-C0EDBBC278A2}.Release|ARM64.ActiveCfg = Release|Win32
		{0B0B2C5B-48CE-4599-8460-C0EDBBC278A2}.Release|x64.ActiveCfg = Release|x64
		{0B0B2C5B-48CE-4599-8460-C0EDBBC278A2}.Release|x64.Build.0 = Release|x64
		{0B0B2C5B-48CE-4599-8460-C0EDBBC278A2}.Release|x86.ActiveCfg = Release|Win32
		{0B0B2C5B-48CE-4599-8460-C0EDBBC278A2}.Release|x86.Build.0 = Release|Win32
		{1A36B430-183E-41BC-94BF-FA6002C7964D}.Debug|ARM.ActiveCfg = Debug|ARM
		{1A36B430-183E-41BC-94BF-FA6002C7964D}.Debug|ARM.Build.0 = Debug|ARM
		{1A36B430-183E-41BC-94BF-FA6002C7964D}.Debug|ARM.Deploy.0 = Debug|ARM
		{1A36B430-183E-41BC-94BF-FA6002C7964D}.Debug|ARM64.ActiveCfg = Debug|ARM64
		{1A36B430-183E-41BC-94BF-FA6002C7964D}.Debug|ARM64.Build.0 = Debug|ARM64
		{1A36B430-183E-41BC-94BF-FA6002C7964D}.Debug|ARM64.Deploy.0 = Debug|ARM64
		{1A36B430-183E-41BC-94BF-FA6002C7964D}.Debug|x64.ActiveCfg = Debug|x64
		{1A36B430-183E-41BC-94BF-FA6002C7964D}.Debug|x64.Build.0 = Debug|x64
		{1A36B430-183E-41BC-94BF-FA6002C7964D}.Debug|x64.Deploy.0 = Debug|x64
		{1A36B430-183E-41BC-94BF-FA6002C7964D}.Debug|x86.ActiveCfg = Debug|Win32
		{1A36B430-183E-41BC-94BF-FA6002C7964D}.Debug|x86.Build.0 = Debug|Win32
		{1A36B430-183E-41BC-94BF-FA6002C7964D}.Debug|x86.Deploy.0 = Debug|Win32
		{1A36B430-183E-41BC-94BF-FA6002C7964D}.Release|ARM.ActiveCfg = Release|ARM
		{1A36B430-183E-41BC-94BF-FA6002C7964D}.Release|ARM.Build.0 = Release|ARM
		{1A36B430-183E-41BC-94BF-FA6002C7964D}.Release|ARM.Deploy.0 = Release|ARM
		{1A36B430-183E-41BC-94BF-FA6002C7964D}.Release|ARM64.ActiveCfg = Release|ARM64
		{1A36B430-183E-41BC-94BF-FA6002C7964D}.Release|ARM64.Build.0 = Release|ARM64
		{1A36B430-183E-41BC-94BF-FA6002C7964D}.Release|ARM64.Deploy.0 = Release|ARM64
		{1A36B430-183E-41BC-94BF-FA6002C7964D}.Release|x64.ActiveCfg = Release|x64
		{1A36B430-183E-41BC-94BF-FA6002C7964D}.Release|x64.Build.0 = Release|x64
		{1A36B430-183E-41BC-94BF-FA6002C7964D}.Release|x64.Deploy.0 = Release|x64
		{1A36B430-183E-41BC-94BF-FA6002C7964D}.Release|x86.ActiveCfg = Release|Win32
		{1A36B430-183E-41BC-94BF-FA6002C7964D}.Release|x86.Build.0 = Release|Win32
		{1A36B430-183E-41BC-94BF-FA6002C7964D}.Release|x86.Deploy.0 = Release|Win32
	EndGlobalSection
	GlobalSection(SolutionProperties) = preSolution
		HideSolutionNode = FALSE
	EndGlobalSection
EndGlobal
